
Microsoft Visual Studio Solution File, Format Version 11.00
# Visual Studio 2010
Project("{FAE04EC0-301F-11D3-BF4B-00C04F79EFBC}") = "PHPtoMVC.WebUI", "PHPtoMVC.WebUI\PHPtoMVC.WebUI.csproj", "{68F30232-638B-471C-AE79-FF1564518A19}"
EndProject
Project("{FAE04EC0-301F-11D3-BF4B-00C04F79EFBC}") = "PHPtoMVC.Infrastructure", "PHPtoMVC.Infrastructure\PHPtoMVC.Infrastructure.csproj", "{54F486C8-DDF3-4694-816D-B261119AF046}"
EndProject
Project("{2150E333-8FDC-42A3-9474-1A3956D46DE8}") = ".nuget", ".nuget", "{77F95FBD-916C-4158-BE86-F23047FDD3E3}"
	ProjectSection(SolutionItems) = preProject
		.nuget\packages.config = .nuget\packages.config
	EndProjectSection
EndProject
Global
	GlobalSection(SolutionConfigurationPlatforms) = preSolution
		Debug|Any CPU = Debug|Any CPU
		Release|Any CPU = Release|Any CPU
	EndGlobalSection
	GlobalSection(ProjectConfigurationPlatforms) = postSolution
		{68F30232-638B-471C-AE79-FF1564518A19}.Debug|Any CPU.ActiveCfg = Debug|Any CPU
		{68F30232-638B-471C-AE79-FF1564518A19}.Debug|Any CPU.Build.0 = Debug|Any CPU
		{68F30232-638B-471C-AE79-FF1564518A19}.Release|Any CPU.ActiveCfg = Release|Any CPU
		{68F30232-638B-471C-AE79-FF1564518A19}.Release|Any CPU.Build.0 = Release|Any CPU
		{54F486C8-DDF3-4694-816D-B261119AF046}.Debug|Any CPU.ActiveCfg = Debug|Any CPU
		{54F486C8-DDF3-4694-816D-B261119AF046}.Debug|Any CPU.Build.0 = Debug|Any CPU
		{54F486C8-DDF3-4694-816D-B261119AF046}.Release|Any CPU.ActiveCfg = Release|Any CPU
		{54F486C8-DDF3-4694-816D-B261119AF046}.Release|Any CPU.Build.0 = Release|Any CPU
	EndGlobalSection
	GlobalSection(SolutionProperties) = preSolution
		HideSolutionNode = FALSE
	EndGlobalSection
	GlobalSection(ExtensibilityGlobals) = postSolution
		EnterpriseLibraryConfigurationToolBinariesPath = packages\Unity.2.1.505.2\lib\NET35
	EndGlobalSection
EndGlobal
